{
  "name": "instantsend",
  "version": "1.0.0",
  "lockfileVersion": 1,
  "requires": true,
  "dependencies": {
    "axios": {
      "version": "0.16.2",
      "resolved": "https://registry.npmjs.org/axios/-/axios-0.16.2.tgz",
      "integrity": "sha1-uk+S8XFn37q0CYN4VFS5rBScPG0=",
      "requires": {
        "follow-redirects": "1.2.6",
        "is-buffer": "1.1.6"
      }
    },
    "bitcore-lib-dash": {
      "version": "0.14.3",
      "resolved": "https://registry.npmjs.org/bitcore-lib-dash/-/bitcore-lib-dash-0.14.3.tgz",
      "integrity": "sha1-p4X14Y9GNO512cK2JMZeK+9FvZU=",
      "requires": {
        "bn.js": "https://registry.npmjs.org/bn.js/-/bn.js-2.0.4.tgz",
        "bs58": "https://registry.npmjs.org/bs58/-/bs58-2.0.0.tgz",
        "buffer-compare": "https://registry.npmjs.org/buffer-compare/-/buffer-compare-1.0.0.tgz",
        "elliptic": "https://registry.npmjs.org/elliptic/-/elliptic-3.0.3.tgz",
        "inherits": "https://registry.npmjs.org/inherits/-/inherits-2.0.1.tgz",
        "lodash": "https://registry.npmjs.org/lodash/-/lodash-3.10.1.tgz",
        "sha512": "https://registry.npmjs.org/sha512/-/sha512-0.0.1.tgz",
        "x11-hash-js": "https://registry.npmjs.org/x11-hash-js/-/x11-hash-js-1.0.0.tgz"
      },
      "dependencies": {
        "bn.js": {
          "version": "https://registry.npmjs.org/bn.js/-/bn.js-2.0.4.tgz",
          "integrity": "sha1-Igp81nf38b+pNif/QZN3b+eBlIA="
        },
        "bs58": {
          "version": "https://registry.npmjs.org/bs58/-/bs58-2.0.0.tgz",
          "integrity": "sha1-crcTvtIjoKxRi72g484/SBfznrU="
        },
        "buffer-compare": {
          "version": "https://registry.npmjs.org/buffer-compare/-/buffer-compare-1.0.0.tgz",
          "integrity": "sha1-rKp6lm6Y7un64Usxw5pfFY+zxKI="
        },
        "elliptic": {
          "version": "https://registry.npmjs.org/elliptic/-/elliptic-3.0.3.tgz",
          "integrity": "sha1-hlybQgv75VAGuflp+XoNLESWZZU=",
          "requires": {
            "bn.js": "https://registry.npmjs.org/bn.js/-/bn.js-2.0.4.tgz",
            "brorand": "https://registry.npmjs.org/brorand/-/brorand-1.0.5.tgz",
            "hash.js": "https://registry.npmjs.org/hash.js/-/hash.js-1.0.3.tgz",
            "inherits": "https://registry.npmjs.org/inherits/-/inherits-2.0.1.tgz"
          },
          "dependencies": {
            "brorand": {
              "version": "https://registry.npmjs.org/brorand/-/brorand-1.0.5.tgz",
              "integrity": "sha1-B7VMowKGq9Fxig4qgwgD79yb+gQ="
            },
            "hash.js": {
              "version": "https://registry.npmjs.org/hash.js/-/hash.js-1.0.3.tgz",
              "integrity": "sha1-EzL/ABVsCg/92CNgE9B7d6BFFXM=",
              "requires": {
                "inherits": "https://registry.npmjs.org/inherits/-/inherits-2.0.1.tgz"
              }
            }
          }
        },
        "inherits": {
          "version": "https://registry.npmjs.org/inherits/-/inherits-2.0.1.tgz",
          "integrity": "sha1-sX0I0ya0Qj5Wjv9xn5GwscvfafE="
        },
        "lodash": {
          "version": "https://registry.npmjs.org/lodash/-/lodash-3.10.1.tgz",
          "integrity": "sha1-W/Rejkm6QYnhfUgnid/RW9FAt7Y="
        },
        "sha512": {
          "version": "https://registry.npmjs.org/sha512/-/sha512-0.0.1.tgz",
          "integrity": "sha1-JuWQIu9qvHXHNE8KXvOTbK8lQtU="
        },
        "x11-hash-js": {
          "version": "https://registry.npmjs.org/x11-hash-js/-/x11-hash-js-1.0.0.tgz",
          "integrity": "sha1-hYn83+ezXbM/KDk5U7He+AzzTd4="
        }
      }
    },
    "bitcore-mnemonic-dash": {
      "version": "1.2.3",
      "resolved": "https://registry.npmjs.org/bitcore-mnemonic-dash/-/bitcore-mnemonic-dash-1.2.3.tgz",
      "integrity": "sha1-keu8DcTXFjx5Shs2Po/89+bdwvs=",
      "requires": {
        "bitcore-lib-dash": "0.14.3",
        "unorm": "1.4.1"
      }
    },
    "debug": {
      "version": "3.1.0",
      "resolved": "https://registry.npmjs.org/debug/-/debug-3.1.0.tgz",
      "integrity": "sha512-OX8XqP7/1a9cqkxYw2yXss15f26NKWBpDXQd0/uK/KPqdQhxbPa994hnzjcE2VqQpDslf55723cKPUOGSmMY3g==",
      "requires": {
        "ms": "2.0.0"
      }
    },
    "eventemitter": {
      "version": "0.3.3",
      "resolved": "https://registry.npmjs.org/eventemitter/-/eventemitter-0.3.3.tgz",
      "integrity": "sha1-06Cpft8tKJC2qopwPpOkPAOtjkU="
    },
    "eventemitter2": {
      "version": "5.0.0",
      "resolved": "https://registry.npmjs.org/eventemitter2/-/eventemitter2-5.0.0.tgz",
      "integrity": "sha1-1/fiVrYxSTgxjl7U/RKsZXJJYsY="
    },
    "follow-redirects": {
      "version": "1.2.6",
      "resolved": "https://registry.npmjs.org/follow-redirects/-/follow-redirects-1.2.6.tgz",
      "integrity": "sha512-FrMqZ/FONtHnbqO651UPpfRUVukIEwJhXMfdr/JWAmrDbeYBu773b1J6gdWDyRIj4hvvzQEHoEOTrdR8o6KLYA==",
      "requires": {
        "debug": "3.1.0"
      }
    },
    "is-buffer": {
      "version": "1.1.6",
      "resolved": "https://registry.npmjs.org/is-buffer/-/is-buffer-1.1.6.tgz",
      "integrity": "sha512-NcdALwpXkTm5Zvvbk7owOUSvVvBKDgKP5/ewfXEznmQFfs4ZRmanOeKBTjRVjka3QFoN6XJ+9F3USqfHqTaU5w=="
    },
    "ms": {
      "version": "2.0.0",
      "resolved": "https://registry.npmjs.org/ms/-/ms-2.0.0.tgz",
      "integrity": "sha1-VgiurfwAvmwpAd9fmGF4jeDVl8g="
    },
    "unorm": {
      "version": "1.4.1",
      "resolved": "https://registry.npmjs.org/unorm/-/unorm-1.4.1.tgz",
      "integrity": "sha1-NkIA1fE2RsqLzURJAnEzVhR5IwA="
    }
  }
}
